
Microsoft Visual Studio Solution File, Format Version 12.00
# Visual Studio Version 17
VisualStudioVersion = 17.8.34330.188
MinimumVisualStudioVersion = 10.0.40219.1
Project("{9A19103F-16F7-4668-BE54-9A1E7A4F7556}") = "TaskManager.Service", "TaskManager\TaskManager.Service.csproj", "{1E088ED2-66C3-469B-8C0C-222E3A09BDF8}"
EndProject
Project("{9A19103F-16F7-4668-BE54-9A1E7A4F7556}") = "TaskManager.Tests", "TaskManager.Tests\TaskManager.Tests.csproj", "{FD14DD74-B6D6-46DA-BE81-81E1EE0A004D}"
EndProject
Project("{54A90642-561A-4BB1-A94E-469ADEE60C69}") = "taskmanager.frontend", "TaskManager.Frontend\taskmanager.frontend.esproj", "{11200F50-91AA-4019-9700-5D720BA0745D}"
EndProject
Global
	GlobalSection(SolutionConfigurationPlatforms) = preSolution
		Debug|Any CPU = Debug|Any CPU
		Release|Any CPU = Release|Any CPU
	EndGlobalSection
	GlobalSection(ProjectConfigurationPlatforms) = postSolution
		{1E088ED2-66C3-469B-8C0C-222E3A09BDF8}.Debug|Any CPU.ActiveCfg = Debug|Any CPU
		{1E088ED2-66C3-469B-8C0C-222E3A09BDF8}.Debug|Any CPU.Build.0 = Debug|Any CPU
		{1E088ED2-66C3-469B-8C0C-222E3A09BDF8}.Release|Any CPU.ActiveCfg = Release|Any CPU
		{1E088ED2-66C3-469B-8C0C-222E3A09BDF8}.Release|Any CPU.Build.0 = Release|Any CPU
		{FD14DD74-B6D6-46DA-BE81-81E1EE0A004D}.Debug|Any CPU.ActiveCfg = Debug|Any CPU
		{FD14DD74-B6D6-46DA-BE81-81E1EE0A004D}.Debug|Any CPU.Build.0 = Debug|Any CPU
		{FD14DD74-B6D6-46DA-BE81-81E1EE0A004D}.Release|Any CPU.ActiveCfg = Release|Any CPU
		{FD14DD74-B6D6-46DA-BE81-81E1EE0A004D}.Release|Any CPU.Build.0 = Release|Any CPU
		{11200F50-91AA-4019-9700-5D720BA0745D}.Debug|Any CPU.ActiveCfg = Debug|Any CPU
		{11200F50-91AA-4019-9700-5D720BA0745D}.Debug|Any CPU.Build.0 = Debug|Any CPU
		{11200F50-91AA-4019-9700-5D720BA0745D}.Debug|Any CPU.Deploy.0 = Debug|Any CPU
		{11200F50-91AA-4019-9700-5D720BA0745D}.Release|Any CPU.ActiveCfg = Release|Any CPU
		{11200F50-91AA-4019-9700-5D720BA0745D}.Release|Any CPU.Build.0 = Release|Any CPU
		{11200F50-91AA-4019-9700-5D720BA0745D}.Release|Any CPU.Deploy.0 = Release|Any CPU
	EndGlobalSection
	GlobalSection(SolutionProperties) = preSolution
		HideSolutionNode = FALSE
	EndGlobalSection
	GlobalSection(ExtensibilityGlobals) = postSolution
		SolutionGuid = {FDFC6DAA-0870-4EA1-9769-AB2862E79710}
	EndGlobalSection
EndGlobal
